
Microsoft Visual Studio Solution File, Format Version 12.00
# Visual Studio Version 17
VisualStudioVersion = 17.13.35825.156
MinimumVisualStudioVersion = 10.0.40219.1
Project("{9A19103F-16F7-4668-BE54-9A1E7A4F7556}") = "PathLabApp", "ClarmindsApp\PathLabApp.csproj", "{D662B185-D7A7-42DB-AA4F-EDF28104BB60}"
EndProject
Global
	GlobalSection(SolutionConfigurationPlatforms) = preSolution
		Debug|Any CPU = Debug|Any CPU
		Release|Any CPU = Release|Any CPU
	EndGlobalSection
	GlobalSection(ProjectConfigurationPlatforms) = postSolution
		{D662B185-D7A7-42DB-AA4F-EDF28104BB60}.Debug|Any CPU.ActiveCfg = Debug|Any CPU
		{D662B185-D7A7-42DB-AA4F-EDF28104BB60}.Debug|Any CPU.Build.0 = Debug|Any CPU
		{D662B185-D7A7-42DB-AA4F-EDF28104BB60}.Release|Any CPU.ActiveCfg = Release|Any CPU
		{D662B185-D7A7-42DB-AA4F-EDF28104BB60}.Release|Any CPU.Build.0 = Release|Any CPU
	EndGlobalSection
	GlobalSection(SolutionProperties) = preSolution
		HideSolutionNode = FALSE
	EndGlobalSection
	GlobalSection(ExtensibilityGlobals) = postSolution
		SolutionGuid = {3CD9EB43-B35A-4F5A-9F4C-0B001C249BFA}
	EndGlobalSection
EndGlobal
